{
    "name": "dont_change_my_theme_regtracker",
    "version": "1.0.0",
    "lockfileVersion": 2,
    "requires": true,
    "packages": {
        "": {
            "name": "dont_change_my_theme_regtracker",
            "version": "1.0.0",
            "license": "ISC",
            "dependencies": {
                "registry-changes-detector": "^4.0.2"
            },
            "bin": {
                "dont_change_my_theme_regtracker": "index.js"
            }
        },
        "node_modules/registry-changes-detector": {
            "version": "4.0.2",
            "resolved": "https://registry.npmjs.org/registry-changes-detector/-/registry-changes-detector-4.0.2.tgz",
            "integrity": "sha512-dZqeuXpgzSaLNvk2rHEZeGaam69NXsgNVa93L39rlK2WvnE0qAXkRNuX7xK8EjTjJrWQUsW5M4LIQLAYu37YVg==",
            "os": [
                "win32"
            ]
        }
    },
    "dependencies": {
        "registry-changes-detector": {
            "version": "4.0.2",
            "resolved": "https://registry.npmjs.org/registry-changes-detector/-/registry-changes-detector-4.0.2.tgz",
            "integrity": "sha512-dZqeuXpgzSaLNvk2rHEZeGaam69NXsgNVa93L39rlK2WvnE0qAXkRNuX7xK8EjTjJrWQUsW5M4LIQLAYu37YVg=="
        }
    }
}
